
Microsoft Visual Studio Solution File, Format Version 12.00
# Visual Studio 15
VisualStudioVersion = 15.0.28307.329
MinimumVisualStudioVersion = 10.0.40219.1
Project("{FAE04EC0-301F-11D3-BF4B-00C04F79EFBC}") = "Cars", "Cars\Cars.csproj", "{A2C3B661-ECD6-4B34-9756-2980BB1CC996}"
EndProject
Global
	GlobalSection(SolutionConfigurationPlatforms) = preSolution
		Debug|Any CPU = Debug|Any CPU
		Release|Any CPU = Release|Any CPU
	EndGlobalSection
	GlobalSection(ProjectConfigurationPlatforms) = postSolution
		{A2C3B661-ECD6-4B34-9756-2980BB1CC996}.Debug|Any CPU.ActiveCfg = Debug|Any CPU
		{A2C3B661-ECD6-4B34-9756-2980BB1CC996}.Debug|Any CPU.Build.0 = Debug|Any CPU
		{A2C3B661-ECD6-4B34-9756-2980BB1CC996}.Release|Any CPU.ActiveCfg = Release|Any CPU
		{A2C3B661-ECD6-4B34-9756-2980BB1CC996}.Release|Any CPU.Build.0 = Release|Any CPU
	EndGlobalSection
	GlobalSection(SolutionProperties) = preSolution
		HideSolutionNode = FALSE
	EndGlobalSection
	GlobalSection(ExtensibilityGlobals) = postSolution
		SolutionGuid = {E36E6476-4A2C-4525-886E-7693DF93F8A7}
	EndGlobalSection
EndGlobal
